
Microsoft Visual Studio Solution File, Format Version 12.00
# Visual Studio 15
VisualStudioVersion = 15.0.26124.0
MinimumVisualStudioVersion = 15.0.26124.0
Project("{FAE04EC0-301F-11D3-BF4B-00C04F79EFBC}") = "createbuilddev.console", "createbuilddev.console\createbuilddev.console.csproj", "{0DB7EDE7-F7EF-4890-BE00-03B247B03DEB}"
EndProject
Project("{FAE04EC0-301F-11D3-BF4B-00C04F79EFBC}") = "createbuilddev.core", "createbuilddev.core\createbuilddev.core.csproj", "{E49E7BD5-84E4-4A76-A7DA-5B40D35E413E}"
EndProject
Global
	GlobalSection(SolutionConfigurationPlatforms) = preSolution
		Debug|Any CPU = Debug|Any CPU
		Debug|x64 = Debug|x64
		Debug|x86 = Debug|x86
		Release|Any CPU = Release|Any CPU
		Release|x64 = Release|x64
		Release|x86 = Release|x86
	EndGlobalSection
	GlobalSection(SolutionProperties) = preSolution
		HideSolutionNode = FALSE
	EndGlobalSection
	GlobalSection(ProjectConfigurationPlatforms) = postSolution
		{0DB7EDE7-F7EF-4890-BE00-03B247B03DEB}.Debug|Any CPU.ActiveCfg = Debug|Any CPU
		{0DB7EDE7-F7EF-4890-BE00-03B247B03DEB}.Debug|Any CPU.Build.0 = Debug|Any CPU
		{0DB7EDE7-F7EF-4890-BE00-03B247B03DEB}.Debug|x64.ActiveCfg = Debug|Any CPU
		{0DB7EDE7-F7EF-4890-BE00-03B247B03DEB}.Debug|x64.Build.0 = Debug|Any CPU
		{0DB7EDE7-F7EF-4890-BE00-03B247B03DEB}.Debug|x86.ActiveCfg = Debug|Any CPU
		{0DB7EDE7-F7EF-4890-BE00-03B247B03DEB}.Debug|x86.Build.0 = Debug|Any CPU
		{0DB7EDE7-F7EF-4890-BE00-03B247B03DEB}.Release|Any CPU.ActiveCfg = Release|Any CPU
		{0DB7EDE7-F7EF-4890-BE00-03B247B03DEB}.Release|Any CPU.Build.0 = Release|Any CPU
		{0DB7EDE7-F7EF-4890-BE00-03B247B03DEB}.Release|x64.ActiveCfg = Release|Any CPU
		{0DB7EDE7-F7EF-4890-BE00-03B247B03DEB}.Release|x64.Build.0 = Release|Any CPU
		{0DB7EDE7-F7EF-4890-BE00-03B247B03DEB}.Release|x86.ActiveCfg = Release|Any CPU
		{0DB7EDE7-F7EF-4890-BE00-03B247B03DEB}.Release|x86.Build.0 = Release|Any CPU
		{E49E7BD5-84E4-4A76-A7DA-5B40D35E413E}.Debug|Any CPU.ActiveCfg = Debug|Any CPU
		{E49E7BD5-84E4-4A76-A7DA-5B40D35E413E}.Debug|Any CPU.Build.0 = Debug|Any CPU
		{E49E7BD5-84E4-4A76-A7DA-5B40D35E413E}.Debug|x64.ActiveCfg = Debug|Any CPU
		{E49E7BD5-84E4-4A76-A7DA-5B40D35E413E}.Debug|x64.Build.0 = Debug|Any CPU
		{E49E7BD5-84E4-4A76-A7DA-5B40D35E413E}.Debug|x86.ActiveCfg = Debug|Any CPU
		{E49E7BD5-84E4-4A76-A7DA-5B40D35E413E}.Debug|x86.Build.0 = Debug|Any CPU
		{E49E7BD5-84E4-4A76-A7DA-5B40D35E413E}.Release|Any CPU.ActiveCfg = Release|Any CPU
		{E49E7BD5-84E4-4A76-A7DA-5B40D35E413E}.Release|Any CPU.Build.0 = Release|Any CPU
		{E49E7BD5-84E4-4A76-A7DA-5B40D35E413E}.Release|x64.ActiveCfg = Release|Any CPU
		{E49E7BD5-84E4-4A76-A7DA-5B40D35E413E}.Release|x64.Build.0 = Release|Any CPU
		{E49E7BD5-84E4-4A76-A7DA-5B40D35E413E}.Release|x86.ActiveCfg = Release|Any CPU
		{E49E7BD5-84E4-4A76-A7DA-5B40D35E413E}.Release|x86.Build.0 = Release|Any CPU
	EndGlobalSection
EndGlobal
